
Microsoft Visual Studio Solution File, Format Version 12.00
# Visual Studio Version 17
VisualStudioVersion = 17.11.35312.102
MinimumVisualStudioVersion = 10.0.40219.1
Project("{9A19103F-16F7-4668-BE54-9A1E7A4F7556}") = "ShadowCopyManager", "ShadowCopyManager.csproj", "{97C521A9-525B-4FC1-8FA6-EED7B87E6A67}"
EndProject
Global
	GlobalSection(SolutionConfigurationPlatforms) = preSolution
		Debug|Any CPU = Debug|Any CPU
		Release|Any CPU = Release|Any CPU
	EndGlobalSection
	GlobalSection(ProjectConfigurationPlatforms) = postSolution
		{97C521A9-525B-4FC1-8FA6-EED7B87E6A67}.Debug|Any CPU.ActiveCfg = Debug|Any CPU
		{97C521A9-525B-4FC1-8FA6-EED7B87E6A67}.Debug|Any CPU.Build.0 = Debug|Any CPU
		{97C521A9-525B-4FC1-8FA6-EED7B87E6A67}.Release|Any CPU.ActiveCfg = Release|Any CPU
		{97C521A9-525B-4FC1-8FA6-EED7B87E6A67}.Release|Any CPU.Build.0 = Release|Any CPU
	EndGlobalSection
	GlobalSection(SolutionProperties) = preSolution
		HideSolutionNode = FALSE
	EndGlobalSection
	GlobalSection(ExtensibilityGlobals) = postSolution
		SolutionGuid = {CCD3C0F7-5C0C-4855-A069-8374C8E5AC81}
	EndGlobalSection
EndGlobal
